
Microsoft Visual Studio Solution File, Format Version 12.00
# Visual Studio Version 17
VisualStudioVersion = 17.5.002.0
MinimumVisualStudioVersion = 10.0.40219.1
Project("{9A19103F-16F7-4668-BE54-9A1E7A4F7556}") = "Nomad.NodeTermHandler", "src\Nomad.NodeTermHandler\Nomad.NodeTermHandler.csproj", "{5A9E6CBA-1699-4039-8F96-5FA71B393018}"
EndProject
Global
	GlobalSection(SolutionConfigurationPlatforms) = preSolution
		Debug|Any CPU = Debug|Any CPU
		Release|Any CPU = Release|Any CPU
	EndGlobalSection
	GlobalSection(ProjectConfigurationPlatforms) = postSolution
		{5A9E6CBA-1699-4039-8F96-5FA71B393018}.Debug|Any CPU.ActiveCfg = Debug|Any CPU
		{5A9E6CBA-1699-4039-8F96-5FA71B393018}.Debug|Any CPU.Build.0 = Debug|Any CPU
		{5A9E6CBA-1699-4039-8F96-5FA71B393018}.Release|Any CPU.ActiveCfg = Release|Any CPU
		{5A9E6CBA-1699-4039-8F96-5FA71B393018}.Release|Any CPU.Build.0 = Release|Any CPU
	EndGlobalSection
	GlobalSection(SolutionProperties) = preSolution
		HideSolutionNode = FALSE
	EndGlobalSection
	GlobalSection(ExtensibilityGlobals) = postSolution
		SolutionGuid = {5E447FC2-8A99-44D6-A627-FEC013CA7A84}
	EndGlobalSection
EndGlobal
